
Microsoft Visual Studio Solution File, Format Version 12.00
# Visual Studio Version 16
VisualStudioVersion = 16.0.30309.148
MinimumVisualStudioVersion = 10.0.40219.1
Project("{FAE04EC0-301F-11D3-BF4B-00C04F79EFBC}") = "FileInputOutputProject", "FileInputOutputProject\FileInputOutputProject.csproj", "{69FEB882-B7C7-4BB4-9262-3160907F5F3D}"
EndProject
Project("{9A19103F-16F7-4668-BE54-9A1E7A4F7556}") = "TestClassGeneratorProject", "TestClassGeneratorProject\TestClassGeneratorProject.csproj", "{420508E7-63B8-4EB2-8C96-D7873D0CF6BA}"
EndProject
Project("{FAE04EC0-301F-11D3-BF4B-00C04F79EFBC}") = "UnitTestsProject", "TestProject\UnitTestsProject.csproj", "{83D9DE5B-E249-4C04-B1AF-4BC19F968932}"
EndProject
Project("{FAE04EC0-301F-11D3-BF4B-00C04F79EFBC}") = "ExperimentProject", "ExperimentProject\ExperimentProject.csproj", "{A23EEF17-0D77-46EB-94EC-8321C2577225}"
EndProject
Project("{FAE04EC0-301F-11D3-BF4B-00C04F79EFBC}") = "AbsolutelyNewProject", "AbsolutelyNewProject\AbsolutelyNewProject.csproj", "{A1901DE5-6A5D-4EDA-A42C-A88B93482D34}"
EndProject
Global
	GlobalSection(SolutionConfigurationPlatforms) = preSolution
		Debug|Any CPU = Debug|Any CPU
		Release|Any CPU = Release|Any CPU
	EndGlobalSection
	GlobalSection(ProjectConfigurationPlatforms) = postSolution
		{69FEB882-B7C7-4BB4-9262-3160907F5F3D}.Debug|Any CPU.ActiveCfg = Debug|Any CPU
		{69FEB882-B7C7-4BB4-9262-3160907F5F3D}.Debug|Any CPU.Build.0 = Debug|Any CPU
		{69FEB882-B7C7-4BB4-9262-3160907F5F3D}.Release|Any CPU.ActiveCfg = Release|Any CPU
		{69FEB882-B7C7-4BB4-9262-3160907F5F3D}.Release|Any CPU.Build.0 = Release|Any CPU
		{420508E7-63B8-4EB2-8C96-D7873D0CF6BA}.Debug|Any CPU.ActiveCfg = Debug|Any CPU
		{420508E7-63B8-4EB2-8C96-D7873D0CF6BA}.Debug|Any CPU.Build.0 = Debug|Any CPU
		{420508E7-63B8-4EB2-8C96-D7873D0CF6BA}.Release|Any CPU.ActiveCfg = Release|Any CPU
		{420508E7-63B8-4EB2-8C96-D7873D0CF6BA}.Release|Any CPU.Build.0 = Release|Any CPU
		{83D9DE5B-E249-4C04-B1AF-4BC19F968932}.Debug|Any CPU.ActiveCfg = Debug|Any CPU
		{83D9DE5B-E249-4C04-B1AF-4BC19F968932}.Debug|Any CPU.Build.0 = Debug|Any CPU
		{83D9DE5B-E249-4C04-B1AF-4BC19F968932}.Release|Any CPU.ActiveCfg = Release|Any CPU
		{83D9DE5B-E249-4C04-B1AF-4BC19F968932}.Release|Any CPU.Build.0 = Release|Any CPU
		{A23EEF17-0D77-46EB-94EC-8321C2577225}.Debug|Any CPU.ActiveCfg = Debug|Any CPU
		{A23EEF17-0D77-46EB-94EC-8321C2577225}.Debug|Any CPU.Build.0 = Debug|Any CPU
		{A23EEF17-0D77-46EB-94EC-8321C2577225}.Release|Any CPU.ActiveCfg = Release|Any CPU
		{A23EEF17-0D77-46EB-94EC-8321C2577225}.Release|Any CPU.Build.0 = Release|Any CPU
		{A1901DE5-6A5D-4EDA-A42C-A88B93482D34}.Debug|Any CPU.ActiveCfg = Debug|Any CPU
		{A1901DE5-6A5D-4EDA-A42C-A88B93482D34}.Debug|Any CPU.Build.0 = Debug|Any CPU
		{A1901DE5-6A5D-4EDA-A42C-A88B93482D34}.Release|Any CPU.ActiveCfg = Release|Any CPU
		{A1901DE5-6A5D-4EDA-A42C-A88B93482D34}.Release|Any CPU.Build.0 = Release|Any CPU
	EndGlobalSection
	GlobalSection(SolutionProperties) = preSolution
		HideSolutionNode = FALSE
	EndGlobalSection
	GlobalSection(ExtensibilityGlobals) = postSolution
		SolutionGuid = {0987CE4D-584C-4593-8D28-DE6FD8E381AE}
	EndGlobalSection
EndGlobal
